
Microsoft Visual Studio Solution File, Format Version 12.00
# Visual Studio Version 16
VisualStudioVersion = 16.0.30128.74
MinimumVisualStudioVersion = 10.0.40219.1
Project("{FAE04EC0-301F-11D3-BF4B-00C04F79EFBC}") = "StowayNet.Extensions.Quartz", "src\StowayNet.Extensions.Quartz\StowayNet.Extensions.Quartz.csproj", "{0D37FE12-6A75-460F-85EF-D3E49857092F}"
EndProject
Project("{FAE04EC0-301F-11D3-BF4B-00C04F79EFBC}") = "StowayNet.Extensions.Quartz.Sample", "src\StowayNet.Extensions.Quartz.Sample\StowayNet.Extensions.Quartz.Sample.csproj", "{9893650E-BF53-4FAD-8B81-179508D48FF7}"
EndProject
Global
	GlobalSection(SolutionConfigurationPlatforms) = preSolution
		Debug|Any CPU = Debug|Any CPU
		Release|Any CPU = Release|Any CPU
	EndGlobalSection
	GlobalSection(ProjectConfigurationPlatforms) = postSolution
		{0D37FE12-6A75-460F-85EF-D3E49857092F}.Debug|Any CPU.ActiveCfg = Debug|Any CPU
		{0D37FE12-6A75-460F-85EF-D3E49857092F}.Debug|Any CPU.Build.0 = Debug|Any CPU
		{0D37FE12-6A75-460F-85EF-D3E49857092F}.Release|Any CPU.ActiveCfg = Release|Any CPU
		{0D37FE12-6A75-460F-85EF-D3E49857092F}.Release|Any CPU.Build.0 = Release|Any CPU
		{9893650E-BF53-4FAD-8B81-179508D48FF7}.Debug|Any CPU.ActiveCfg = Debug|Any CPU
		{9893650E-BF53-4FAD-8B81-179508D48FF7}.Debug|Any CPU.Build.0 = Debug|Any CPU
		{9893650E-BF53-4FAD-8B81-179508D48FF7}.Release|Any CPU.ActiveCfg = Release|Any CPU
		{9893650E-BF53-4FAD-8B81-179508D48FF7}.Release|Any CPU.Build.0 = Release|Any CPU
	EndGlobalSection
	GlobalSection(SolutionProperties) = preSolution
		HideSolutionNode = FALSE
	EndGlobalSection
	GlobalSection(ExtensibilityGlobals) = postSolution
		SolutionGuid = {082062A4-9C9A-4299-B255-1927DAAFB2FC}
	EndGlobalSection
EndGlobal
